
Microsoft Visual Studio Solution File, Format Version 12.00
# Visual Studio 15
Project("{FAE04EC0-301F-11D3-BF4B-00C04F79EFBC}") = "Assembly-CSharp-Editor", "Assembly-CSharp-Editor.csproj", "{B8773B88-31A7-741F-0396-2412AA940747}"
EndProject
Project("{FAE04EC0-301F-11D3-BF4B-00C04F79EFBC}") = "Assembly-CSharp", "Assembly-CSharp.csproj", "{A59F6B5F-AF89-9757-334F-D6FCAB203349}"
EndProject
Global
	GlobalSection(SolutionConfigurationPlatforms) = preSolution
		Debug|Any CPU = Debug|Any CPU
		Release|Any CPU = Release|Any CPU
	EndGlobalSection
	GlobalSection(ProjectConfigurationPlatforms) = postSolution
		{B8773B88-31A7-741F-0396-2412AA940747}.Debug|Any CPU.ActiveCfg = Debug|Any CPU
		{B8773B88-31A7-741F-0396-2412AA940747}.Debug|Any CPU.Build.0 = Debug|Any CPU
		{B8773B88-31A7-741F-0396-2412AA940747}.Release|Any CPU.ActiveCfg = Release|Any CPU
		{B8773B88-31A7-741F-0396-2412AA940747}.Release|Any CPU.Build.0 = Release|Any CPU
		{A59F6B5F-AF89-9757-334F-D6FCAB203349}.Debug|Any CPU.ActiveCfg = Debug|Any CPU
		{A59F6B5F-AF89-9757-334F-D6FCAB203349}.Debug|Any CPU.Build.0 = Debug|Any CPU
		{A59F6B5F-AF89-9757-334F-D6FCAB203349}.Release|Any CPU.ActiveCfg = Release|Any CPU
		{A59F6B5F-AF89-9757-334F-D6FCAB203349}.Release|Any CPU.Build.0 = Release|Any CPU
	EndGlobalSection
	GlobalSection(SolutionProperties) = preSolution
		HideSolutionNode = FALSE
	EndGlobalSection
EndGlobal
